
Microsoft Visual Studio Solution File, Format Version 12.00
# Visual Studio Version 17
VisualStudioVersion = 17.11.35327.3
MinimumVisualStudioVersion = 10.0.40219.1
Project("{9A19103F-16F7-4668-BE54-9A1E7A4F7556}") = "Domino", "Domino\Domino.csproj", "{952C6C54-909E-404A-8E5B-EE2B36848446}"
EndProject
Project("{FAE04EC0-301F-11D3-BF4B-00C04F79EFBC}") = "Domino.Tests", "Domino.Tests\Domino.Tests.csproj", "{936BBF9B-DA5F-4DCE-9781-5712D23F3AE4}"
EndProject
Global
	GlobalSection(SolutionConfigurationPlatforms) = preSolution
		Debug|Any CPU = Debug|Any CPU
		Release|Any CPU = Release|Any CPU
	EndGlobalSection
	GlobalSection(ProjectConfigurationPlatforms) = postSolution
		{952C6C54-909E-404A-8E5B-EE2B36848446}.Debug|Any CPU.ActiveCfg = Debug|Any CPU
		{952C6C54-909E-404A-8E5B-EE2B36848446}.Debug|Any CPU.Build.0 = Debug|Any CPU
		{952C6C54-909E-404A-8E5B-EE2B36848446}.Release|Any CPU.ActiveCfg = Release|Any CPU
		{952C6C54-909E-404A-8E5B-EE2B36848446}.Release|Any CPU.Build.0 = Release|Any CPU
		{936BBF9B-DA5F-4DCE-9781-5712D23F3AE4}.Debug|Any CPU.ActiveCfg = Debug|Any CPU
		{936BBF9B-DA5F-4DCE-9781-5712D23F3AE4}.Debug|Any CPU.Build.0 = Debug|Any CPU
		{936BBF9B-DA5F-4DCE-9781-5712D23F3AE4}.Release|Any CPU.ActiveCfg = Release|Any CPU
		{936BBF9B-DA5F-4DCE-9781-5712D23F3AE4}.Release|Any CPU.Build.0 = Release|Any CPU
	EndGlobalSection
	GlobalSection(SolutionProperties) = preSolution
		HideSolutionNode = FALSE
	EndGlobalSection
	GlobalSection(ExtensibilityGlobals) = postSolution
		SolutionGuid = {DE6F8955-370D-48C9-A5B0-E5B5777539AA}
	EndGlobalSection
EndGlobal
